
Microsoft Visual Studio Solution File, Format Version 12.00
# Visual Studio Version 17
VisualStudioVersion = 17.8.34330.188
MinimumVisualStudioVersion = 10.0.40219.1
Project("{9A19103F-16F7-4668-BE54-9A1E7A4F7556}") = "MyWebAPI", "src\MyWebAPI\MyWebAPI.csproj", "{F9EF6BA3-B495-47C7-8BA5-53E8CDE7248B}"
EndProject
Project("{FAE04EC0-301F-11D3-BF4B-00C04F79EFBC}") = "MyApi.UnitTests", "Tests\MyApi.UnitTests\MyApi.UnitTests.csproj", "{65EB7412-FAEE-4447-99BD-99A454C0FA40}"
EndProject
Global
	GlobalSection(SolutionConfigurationPlatforms) = preSolution
		Debug|Any CPU = Debug|Any CPU
		Release|Any CPU = Release|Any CPU
	EndGlobalSection
	GlobalSection(ProjectConfigurationPlatforms) = postSolution
		{F9EF6BA3-B495-47C7-8BA5-53E8CDE7248B}.Debug|Any CPU.ActiveCfg = Debug|Any CPU
		{F9EF6BA3-B495-47C7-8BA5-53E8CDE7248B}.Debug|Any CPU.Build.0 = Debug|Any CPU
		{F9EF6BA3-B495-47C7-8BA5-53E8CDE7248B}.Release|Any CPU.ActiveCfg = Release|Any CPU
		{F9EF6BA3-B495-47C7-8BA5-53E8CDE7248B}.Release|Any CPU.Build.0 = Release|Any CPU
		{65EB7412-FAEE-4447-99BD-99A454C0FA40}.Debug|Any CPU.ActiveCfg = Debug|Any CPU
		{65EB7412-FAEE-4447-99BD-99A454C0FA40}.Debug|Any CPU.Build.0 = Debug|Any CPU
		{65EB7412-FAEE-4447-99BD-99A454C0FA40}.Release|Any CPU.ActiveCfg = Release|Any CPU
		{65EB7412-FAEE-4447-99BD-99A454C0FA40}.Release|Any CPU.Build.0 = Release|Any CPU
	EndGlobalSection
	GlobalSection(SolutionProperties) = preSolution
		HideSolutionNode = FALSE
	EndGlobalSection
	GlobalSection(ExtensibilityGlobals) = postSolution
		SolutionGuid = {67096C68-A098-419D-85B3-02F82B305507}
	EndGlobalSection
EndGlobal
